
Microsoft Visual Studio Solution File, Format Version 12.00
# Visual Studio Version 17
VisualStudioVersion = 17.6.33815.320
MinimumVisualStudioVersion = 10.0.40219.1
Project("{FAE04EC0-301F-11D3-BF4B-00C04F79EFBC}") = "databaseproject", "databaseproject.csproj", "{000B6AB4-82E8-477A-A4AD-5EC01C99B332}"
EndProject
Global
	GlobalSection(SolutionConfigurationPlatforms) = preSolution
		Debug|Any CPU = Debug|Any CPU
		Release|Any CPU = Release|Any CPU
	EndGlobalSection
	GlobalSection(ProjectConfigurationPlatforms) = postSolution
		{000B6AB4-82E8-477A-A4AD-5EC01C99B332}.Debug|Any CPU.ActiveCfg = Debug|Any CPU
		{000B6AB4-82E8-477A-A4AD-5EC01C99B332}.Debug|Any CPU.Build.0 = Debug|Any CPU
		{000B6AB4-82E8-477A-A4AD-5EC01C99B332}.Release|Any CPU.ActiveCfg = Release|Any CPU
		{000B6AB4-82E8-477A-A4AD-5EC01C99B332}.Release|Any CPU.Build.0 = Release|Any CPU
	EndGlobalSection
	GlobalSection(SolutionProperties) = preSolution
		HideSolutionNode = FALSE
	EndGlobalSection
	GlobalSection(ExtensibilityGlobals) = postSolution
		SolutionGuid = {EC85A6DF-BD27-442C-A675-FE80FF1F7EE7}
	EndGlobalSection
EndGlobal
